
Microsoft Visual Studio Solution File, Format Version 12.00
# Visual Studio Version 16
VisualStudioVersion = 16.0.32802.440
MinimumVisualStudioVersion = 10.0.40219.1
Project("{FAE04EC0-301F-11D3-BF4B-00C04F79EFBC}") = "prg_automat", "prg_automat\prg_automat.csproj", "{7FF24499-31CE-4B37-A1BC-8345F210330F}"
EndProject
Global
	GlobalSection(SolutionConfigurationPlatforms) = preSolution
		Debug|Any CPU = Debug|Any CPU
		Release|Any CPU = Release|Any CPU
	EndGlobalSection
	GlobalSection(ProjectConfigurationPlatforms) = postSolution
		{7FF24499-31CE-4B37-A1BC-8345F210330F}.Debug|Any CPU.ActiveCfg = Debug|Any CPU
		{7FF24499-31CE-4B37-A1BC-8345F210330F}.Debug|Any CPU.Build.0 = Debug|Any CPU
		{7FF24499-31CE-4B37-A1BC-8345F210330F}.Release|Any CPU.ActiveCfg = Release|Any CPU
		{7FF24499-31CE-4B37-A1BC-8345F210330F}.Release|Any CPU.Build.0 = Release|Any CPU
	EndGlobalSection
	GlobalSection(SolutionProperties) = preSolution
		HideSolutionNode = FALSE
	EndGlobalSection
	GlobalSection(ExtensibilityGlobals) = postSolution
		SolutionGuid = {75A24C84-86CB-46E8-BE20-61FC72EF5004}
	EndGlobalSection
EndGlobal
